// !$*UTF8*$!
{
	archiveVersion = 1;
	classes = {
	};
	objectVersion = 56;
	objects = {

/* Begin PBXBuildFile section */
		E1794E6F2B7B9A9E00B0C3F5 /* NewsAppApp.swift in Sources */ = {isa = PBXBuildFile; fileRef = E1794E6E2B7B9A9E00B0C3F5 /* NewsAppApp.swift */; };
		E1794E732B7B9AA500B0C3F5 /* Assets.xcassets in Resources */ = {isa = PBXBuildFile; fileRef = E1794E722B7B9AA500B0C3F5 /* Assets.xcassets */; };
		E1794E762B7B9AA500B0C3F5 /* Preview Assets.xcassets in Resources */ = {isa = PBXBuildFile; fileRef = E1794E752B7B9AA500B0C3F5 /* Preview Assets.xcassets */; };
		E1794E802B7B9AA500B0C3F5 /* NewsAppTests.swift in Sources */ = {isa = PBXBuildFile; fileRef = E1794E7F2B7B9AA500B0C3F5 /* NewsAppTests.swift */; };
		E1794E8A2B7B9AA600B0C3F5 /* NewsAppUITests.swift in Sources */ = {isa = PBXBuildFile; fileRef = E1794E892B7B9AA600B0C3F5 /* NewsAppUITests.swift */; };
		E1794E8C2B7B9AA600B0C3F5 /* NewsAppUITestsLaunchTests.swift in Sources */ = {isa = PBXBuildFile; fileRef = E1794E8B2B7B9AA600B0C3F5 /* NewsAppUITestsLaunchTests.swift */; };
		E1794EA02B7B9BE100B0C3F5 /* ArticleList.swift in Sources */ = {isa = PBXBuildFile; fileRef = E1794E9F2B7B9BE100B0C3F5 /* ArticleList.swift */; };
		E1794EA32B7B9C1900B0C3F5 /* NetworkRepository.swift in Sources */ = {isa = PBXBuildFile; fileRef = E1794EA22B7B9C1900B0C3F5 /* NetworkRepository.swift */; };
		E1794EA52B7B9C6A00B0C3F5 /* URLSessionProtocol.swift in Sources */ = {isa = PBXBuildFile; fileRef = E1794EA42B7B9C6A00B0C3F5 /* URLSessionProtocol.swift */; };
		E1794EA72B7B9CEB00B0C3F5 /* NetworkRepositoryImpl.swift in Sources */ = {isa = PBXBuildFile; fileRef = E1794EA62B7B9CEB00B0C3F5 /* NetworkRepositoryImpl.swift */; };
		E1794EAA2B7B9E4400B0C3F5 /* Date+addMinutes.swift in Sources */ = {isa = PBXBuildFile; fileRef = E1794EA92B7B9E4400B0C3F5 /* Date+addMinutes.swift */; };
		E1794EAC2B7B9E9700B0C3F5 /* JsonDecodingHandling.swift in Sources */ = {isa = PBXBuildFile; fileRef = E1794EAB2B7B9E9700B0C3F5 /* JsonDecodingHandling.swift */; };
		E1794EAE2B7B9F3100B0C3F5 /* HttpStatusCode+isOK.swift in Sources */ = {isa = PBXBuildFile; fileRef = E1794EAD2B7B9F3100B0C3F5 /* HttpStatusCode+isOK.swift */; };
		E1794EB02B7B9F5100B0C3F5 /* String+ToDate.swift in Sources */ = {isa = PBXBuildFile; fileRef = E1794EAF2B7B9F5100B0C3F5 /* String+ToDate.swift */; };
		E1794EB22B7B9F7700B0C3F5 /* Date+GetFormattedDate.swift in Sources */ = {isa = PBXBuildFile; fileRef = E1794EB12B7B9F7700B0C3F5 /* Date+GetFormattedDate.swift */; };
		E1794EB42B7B9F9100B0C3F5 /* DispatchQueue.swift in Sources */ = {isa = PBXBuildFile; fileRef = E1794EB32B7B9F9100B0C3F5 /* DispatchQueue.swift */; };
		E1794EB62B7BA98F00B0C3F5 /* UIApplicationContainer.swift in Sources */ = {isa = PBXBuildFile; fileRef = E1794EB52B7BA98F00B0C3F5 /* UIApplicationContainer.swift */; };
		E1794EBC2B7BAA0800B0C3F5 /* NewsApiFactoryImpl.swift in Sources */ = {isa = PBXBuildFile; fileRef = E1794EBB2B7BAA0800B0C3F5 /* NewsApiFactoryImpl.swift */; };
		E1794EBE2B7BAA1D00B0C3F5 /* NewsApiFactory.swift in Sources */ = {isa = PBXBuildFile; fileRef = E1794EBD2B7BAA1D00B0C3F5 /* NewsApiFactory.swift */; };
		E1794EC02B7BAA3D00B0C3F5 /* ArticleRepositoryImpl.swift in Sources */ = {isa = PBXBuildFile; fileRef = E1794EBF2B7BAA3D00B0C3F5 /* ArticleRepositoryImpl.swift */; };
		E1794EC22B7BAA4E00B0C3F5 /* ArticlesDataModel.swift in Sources */ = {isa = PBXBuildFile; fileRef = E1794EC12B7BAA4E00B0C3F5 /* ArticlesDataModel.swift */; };
		E1794EC42B7BAA6100B0C3F5 /* ArticleItemDataModel.swift in Sources */ = {isa = PBXBuildFile; fileRef = E1794EC32B7BAA6100B0C3F5 /* ArticleItemDataModel.swift */; };
		E1794EC62B7BAA7300B0C3F5 /* ArticleDtoMapper.swift in Sources */ = {isa = PBXBuildFile; fileRef = E1794EC52B7BAA7300B0C3F5 /* ArticleDtoMapper.swift */; };
/* End PBXBuildFile section */

/* Begin PBXContainerItemProxy section */
		E1794E7C2B7B9AA500B0C3F5 /* PBXContainerItemProxy */ = {
			isa = PBXContainerItemProxy;
			containerPortal = E1794E632B7B9A9E00B0C3F5 /* Project object */;
			proxyType = 1;
			remoteGlobalIDString = E1794E6A2B7B9A9E00B0C3F5;
			remoteInfo = NewsApp;
		};
		E1794E862B7B9AA600B0C3F5 /* PBXContainerItemProxy */ = {
			isa = PBXContainerItemProxy;
			containerPortal = E1794E632B7B9A9E00B0C3F5 /* Project object */;
			proxyType = 1;
			remoteGlobalIDString = E1794E6A2B7B9A9E00B0C3F5;
			remoteInfo = NewsApp;
		};
/* End PBXContainerItemProxy section */

/* Begin PBXFileReference section */
		E1794E6B2B7B9A9E00B0C3F5 /* NewsApp.app */ = {isa = PBXFileReference; explicitFileType = wrapper.application; includeInIndex = 0; path = NewsApp.app; sourceTree = BUILT_PRODUCTS_DIR; };
		E1794E6E2B7B9A9E00B0C3F5 /* NewsAppApp.swift */ = {isa = PBXFileReference; lastKnownFileType = sourcecode.swift; path = NewsAppApp.swift; sourceTree = "<group>"; };
		E1794E722B7B9AA500B0C3F5 /* Assets.xcassets */ = {isa = PBXFileReference; lastKnownFileType = folder.assetcatalog; path = Assets.xcassets; sourceTree = "<group>"; };
		E1794E752B7B9AA500B0C3F5 /* Preview Assets.xcassets */ = {isa = PBXFileReference; lastKnownFileType = folder.assetcatalog; path = "Preview Assets.xcassets"; sourceTree = "<group>"; };
		E1794E7B2B7B9AA500B0C3F5 /* NewsAppTests.xctest */ = {isa = PBXFileReference; explicitFileType = wrapper.cfbundle; includeInIndex = 0; path = NewsAppTests.xctest; sourceTree = BUILT_PRODUCTS_DIR; };
		E1794E7F2B7B9AA500B0C3F5 /* NewsAppTests.swift */ = {isa = PBXFileReference; lastKnownFileType = sourcecode.swift; path = NewsAppTests.swift; sourceTree = "<group>"; };
		E1794E852B7B9AA600B0C3F5 /* NewsAppUITests.xctest */ = {isa = PBXFileReference; explicitFileType = wrapper.cfbundle; includeInIndex = 0; path = NewsAppUITests.xctest; sourceTree = BUILT_PRODUCTS_DIR; };
		E1794E892B7B9AA600B0C3F5 /* NewsAppUITests.swift */ = {isa = PBXFileReference; lastKnownFileType = sourcecode.swift; path = NewsAppUITests.swift; sourceTree = "<group>"; };
		E1794E8B2B7B9AA600B0C3F5 /* NewsAppUITestsLaunchTests.swift */ = {isa = PBXFileReference; lastKnownFileType = sourcecode.swift; path = NewsAppUITestsLaunchTests.swift; sourceTree = "<group>"; };
		E1794E9F2B7B9BE100B0C3F5 /* ArticleList.swift */ = {isa = PBXFileReference; lastKnownFileType = sourcecode.swift; path = ArticleList.swift; sourceTree = "<group>"; };
		E1794EA22B7B9C1900B0C3F5 /* NetworkRepository.swift */ = {isa = PBXFileReference; lastKnownFileType = sourcecode.swift; path = NetworkRepository.swift; sourceTree = "<group>"; };
		E1794EA42B7B9C6A00B0C3F5 /* URLSessionProtocol.swift */ = {isa = PBXFileReference; lastKnownFileType = sourcecode.swift; path = URLSessionProtocol.swift; sourceTree = "<group>"; };
		E1794EA62B7B9CEB00B0C3F5 /* NetworkRepositoryImpl.swift */ = {isa = PBXFileReference; lastKnownFileType = sourcecode.swift; path = NetworkRepositoryImpl.swift; sourceTree = "<group>"; };
		E1794EA92B7B9E4400B0C3F5 /* Date+addMinutes.swift */ = {isa = PBXFileReference; lastKnownFileType = sourcecode.swift; path = "Date+addMinutes.swift"; sourceTree = "<group>"; };
		E1794EAB2B7B9E9700B0C3F5 /* JsonDecodingHandling.swift */ = {isa = PBXFileReference; lastKnownFileType = sourcecode.swift; path = JsonDecodingHandling.swift; sourceTree = "<group>"; };
		E1794EAD2B7B9F3100B0C3F5 /* HttpStatusCode+isOK.swift */ = {isa = PBXFileReference; lastKnownFileType = sourcecode.swift; path = "HttpStatusCode+isOK.swift"; sourceTree = "<group>"; };
		E1794EAF2B7B9F5100B0C3F5 /* String+ToDate.swift */ = {isa = PBXFileReference; lastKnownFileType = sourcecode.swift; path = "String+ToDate.swift"; sourceTree = "<group>"; };
		E1794EB12B7B9F7700B0C3F5 /* Date+GetFormattedDate.swift */ = {isa = PBXFileReference; lastKnownFileType = sourcecode.swift; path = "Date+GetFormattedDate.swift"; sourceTree = "<group>"; };
		E1794EB32B7B9F9100B0C3F5 /* DispatchQueue.swift */ = {isa = PBXFileReference; lastKnownFileType = sourcecode.swift; path = DispatchQueue.swift; sourceTree = "<group>"; };
		E1794EB52B7BA98F00B0C3F5 /* UIApplicationContainer.swift */ = {isa = PBXFileReference; lastKnownFileType = sourcecode.swift; path = UIApplicationContainer.swift; sourceTree = "<group>"; };
		E1794EBB2B7BAA0800B0C3F5 /* NewsApiFactoryImpl.swift */ = {isa = PBXFileReference; lastKnownFileType = sourcecode.swift; path = NewsApiFactoryImpl.swift; sourceTree = "<group>"; };
		E1794EBD2B7BAA1D00B0C3F5 /* NewsApiFactory.swift */ = {isa = PBXFileReference; lastKnownFileType = sourcecode.swift; path = NewsApiFactory.swift; sourceTree = "<group>"; };
		E1794EBF2B7BAA3D00B0C3F5 /* ArticleRepositoryImpl.swift */ = {isa = PBXFileReference; lastKnownFileType = sourcecode.swift; path = ArticleRepositoryImpl.swift; sourceTree = "<group>"; };
		E1794EC12B7BAA4E00B0C3F5 /* ArticlesDataModel.swift */ = {isa = PBXFileReference; lastKnownFileType = sourcecode.swift; path = ArticlesDataModel.swift; sourceTree = "<group>"; };
		E1794EC32B7BAA6100B0C3F5 /* ArticleItemDataModel.swift */ = {isa = PBXFileReference; lastKnownFileType = sourcecode.swift; path = ArticleItemDataModel.swift; sourceTree = "<group>"; };
		E1794EC52B7BAA7300B0C3F5 /* ArticleDtoMapper.swift */ = {isa = PBXFileReference; lastKnownFileType = sourcecode.swift; path = ArticleDtoMapper.swift; sourceTree = "<group>"; };
/* End PBXFileReference section */

/* Begin PBXFrameworksBuildPhase section */
		E1794E682B7B9A9E00B0C3F5 /* Frameworks */ = {
			isa = PBXFrameworksBuildPhase;
			buildActionMask = 2147483647;
			files = (
			);
			runOnlyForDeploymentPostprocessing = 0;
		};
		E1794E782B7B9AA500B0C3F5 /* Frameworks */ = {
			isa = PBXFrameworksBuildPhase;
			buildActionMask = 2147483647;
			files = (
			);
			runOnlyForDeploymentPostprocessing = 0;
		};
		E1794E822B7B9AA600B0C3F5 /* Frameworks */ = {
			isa = PBXFrameworksBuildPhase;
			buildActionMask = 2147483647;
			files = (
			);
			runOnlyForDeploymentPostprocessing = 0;
		};
/* End PBXFrameworksBuildPhase section */

/* Begin PBXGroup section */
		E1794E622B7B9A9E00B0C3F5 = {
			isa = PBXGroup;
			children = (
				E1794E6D2B7B9A9E00B0C3F5 /* NewsApp */,
				E1794E7E2B7B9AA500B0C3F5 /* NewsAppTests */,
				E1794E882B7B9AA600B0C3F5 /* NewsAppUITests */,
				E1794E6C2B7B9A9E00B0C3F5 /* Products */,
			);
			sourceTree = "<group>";
		};
		E1794E6C2B7B9A9E00B0C3F5 /* Products */ = {
			isa = PBXGroup;
			children = (
				E1794E6B2B7B9A9E00B0C3F5 /* NewsApp.app */,
				E1794E7B2B7B9AA500B0C3F5 /* NewsAppTests.xctest */,
				E1794E852B7B9AA600B0C3F5 /* NewsAppUITests.xctest */,
			);
			name = Products;
			sourceTree = "<group>";
		};
		E1794E6D2B7B9A9E00B0C3F5 /* NewsApp */ = {
			isa = PBXGroup;
			children = (
				E1794E6E2B7B9A9E00B0C3F5 /* NewsAppApp.swift */,
				E1794E982B7B9AD600B0C3F5 /* App */,
				E1794E722B7B9AA500B0C3F5 /* Assets.xcassets */,
				E1794E742B7B9AA500B0C3F5 /* Preview Content */,
			);
			path = NewsApp;
			sourceTree = "<group>";
		};
		E1794E742B7B9AA500B0C3F5 /* Preview Content */ = {
			isa = PBXGroup;
			children = (
				E1794E752B7B9AA500B0C3F5 /* Preview Assets.xcassets */,
			);
			path = "Preview Content";
			sourceTree = "<group>";
		};
		E1794E7E2B7B9AA500B0C3F5 /* NewsAppTests */ = {
			isa = PBXGroup;
			children = (
				E1794E7F2B7B9AA500B0C3F5 /* NewsAppTests.swift */,
			);
			path = NewsAppTests;
			sourceTree = "<group>";
		};
		E1794E882B7B9AA600B0C3F5 /* NewsAppUITests */ = {
			isa = PBXGroup;
			children = (
				E1794E892B7B9AA600B0C3F5 /* NewsAppUITests.swift */,
				E1794E8B2B7B9AA600B0C3F5 /* NewsAppUITestsLaunchTests.swift */,
			);
			path = NewsAppUITests;
			sourceTree = "<group>";
		};
		E1794E982B7B9AD600B0C3F5 /* App */ = {
			isa = PBXGroup;
			children = (
				E1794E992B7B9AEE00B0C3F5 /* Core */,
				E1794E9B2B7B9B0400B0C3F5 /* Data */,
				E1794E9C2B7B9B0D00B0C3F5 /* Domain */,
				E1794E9A2B7B9AF900B0C3F5 /* Presentation */,
			);
			path = App;
			sourceTree = "<group>";
		};
		E1794E992B7B9AEE00B0C3F5 /* Core */ = {
			isa = PBXGroup;
			children = (
				E1794EA82B7B9E0100B0C3F5 /* Helper */,
				E1794EA12B7B9C0500B0C3F5 /* Network */,
			);
			path = Core;
			sourceTree = "<group>";
		};
		E1794E9A2B7B9AF900B0C3F5 /* Presentation */ = {
			isa = PBXGroup;
			children = (
				E1794E9D2B7B9B8600B0C3F5 /* ArticleList */,
				E1794E9E2B7B9B9200B0C3F5 /* ArticleDetailView */,
			);
			path = Presentation;
			sourceTree = "<group>";
		};
		E1794E9B2B7B9B0400B0C3F5 /* Data */ = {
			isa = PBXGroup;
			children = (
				E1794EBA2B7BA9E600B0C3F5 /* Repository */,
				E1794EB92B7BA9E000B0C3F5 /* Model */,
				E1794EB82B7BA9DB00B0C3F5 /* Mapper */,
				E1794EB72B7BA9D400B0C3F5 /* Factory */,
			);
			path = Data;
			sourceTree = "<group>";
		};
		E1794E9C2B7B9B0D00B0C3F5 /* Domain */ = {
			isa = PBXGroup;
			children = (
			);
			path = Domain;
			sourceTree = "<group>";
		};
		E1794E9D2B7B9B8600B0C3F5 /* ArticleList */ = {
			isa = PBXGroup;
			children = (
				E1794E9F2B7B9BE100B0C3F5 /* ArticleList.swift */,
			);
			path = ArticleList;
			sourceTree = "<group>";
		};
		E1794E9E2B7B9B9200B0C3F5 /* ArticleDetailView */ = {
			isa = PBXGroup;
			children = (
			);
			path = ArticleDetailView;
			sourceTree = "<group>";
		};
		E1794EA12B7B9C0500B0C3F5 /* Network */ = {
			isa = PBXGroup;
			children = (
				E1794EA22B7B9C1900B0C3F5 /* NetworkRepository.swift */,
				E1794EA42B7B9C6A00B0C3F5 /* URLSessionProtocol.swift */,
				E1794EA62B7B9CEB00B0C3F5 /* NetworkRepositoryImpl.swift */,
			);
			path = Network;
			sourceTree = "<group>";
		};
		E1794EA82B7B9E0100B0C3F5 /* Helper */ = {
			isa = PBXGroup;
			children = (
				E1794EA92B7B9E4400B0C3F5 /* Date+addMinutes.swift */,
				E1794EAB2B7B9E9700B0C3F5 /* JsonDecodingHandling.swift */,
				E1794EAD2B7B9F3100B0C3F5 /* HttpStatusCode+isOK.swift */,
				E1794EAF2B7B9F5100B0C3F5 /* String+ToDate.swift */,
				E1794EB12B7B9F7700B0C3F5 /* Date+GetFormattedDate.swift */,
				E1794EB32B7B9F9100B0C3F5 /* DispatchQueue.swift */,
				E1794EB52B7BA98F00B0C3F5 /* UIApplicationContainer.swift */,
			);
			path = Helper;
			sourceTree = "<group>";
		};
		E1794EB72B7BA9D400B0C3F5 /* Factory */ = {
			isa = PBXGroup;
			children = (
				E1794EBB2B7BAA0800B0C3F5 /* NewsApiFactoryImpl.swift */,
				E1794EBD2B7BAA1D00B0C3F5 /* NewsApiFactory.swift */,
			);
			path = Factory;
			sourceTree = "<group>";
		};
		E1794EB82B7BA9DB00B0C3F5 /* Mapper */ = {
			isa = PBXGroup;
			children = (
				E1794EC52B7BAA7300B0C3F5 /* ArticleDtoMapper.swift */,
			);
			path = Mapper;
			sourceTree = "<group>";
		};
		E1794EB92B7BA9E000B0C3F5 /* Model */ = {
			isa = PBXGroup;
			children = (
				E1794EC12B7BAA4E00B0C3F5 /* ArticlesDataModel.swift */,
				E1794EC32B7BAA6100B0C3F5 /* ArticleItemDataModel.swift */,
			);
			path = Model;
			sourceTree = "<group>";
		};
		E1794EBA2B7BA9E600B0C3F5 /* Repository */ = {
			isa = PBXGroup;
			children = (
				E1794EBF2B7BAA3D00B0C3F5 /* ArticleRepositoryImpl.swift */,
			);
			path = Repository;
			sourceTree = "<group>";
		};
/* End PBXGroup section */

/* Begin PBXNativeTarget section */
		E1794E6A2B7B9A9E00B0C3F5 /* NewsApp */ = {
			isa = PBXNativeTarget;
			buildConfigurationList = E1794E8F2B7B9AA600B0C3F5 /* Build configuration list for PBXNativeTarget "NewsApp" */;
			buildPhases = (
				E1794E672B7B9A9E00B0C3F5 /* Sources */,
				E1794E682B7B9A9E00B0C3F5 /* Frameworks */,
				E1794E692B7B9A9E00B0C3F5 /* Resources */,
			);
			buildRules = (
			);
			dependencies = (
			);
			name = NewsApp;
			productName = NewsApp;
			productReference = E1794E6B2B7B9A9E00B0C3F5 /* NewsApp.app */;
			productType = "com.apple.product-type.application";
		};
		E1794E7A2B7B9AA500B0C3F5 /* NewsAppTests */ = {
			isa = PBXNativeTarget;
			buildConfigurationList = E1794E922B7B9AA600B0C3F5 /* Build configuration list for PBXNativeTarget "NewsAppTests" */;
			buildPhases = (
				E1794E772B7B9AA500B0C3F5 /* Sources */,
				E1794E782B7B9AA500B0C3F5 /* Frameworks */,
				E1794E792B7B9AA500B0C3F5 /* Resources */,
			);
			buildRules = (
			);
			dependencies = (
				E1794E7D2B7B9AA500B0C3F5 /* PBXTargetDependency */,
			);
			name = NewsAppTests;
			productName = NewsAppTests;
			productReference = E1794E7B2B7B9AA500B0C3F5 /* NewsAppTests.xctest */;
			productType = "com.apple.product-type.bundle.unit-test";
		};
		E1794E842B7B9AA600B0C3F5 /* NewsAppUITests */ = {
			isa = PBXNativeTarget;
			buildConfigurationList = E1794E952B7B9AA600B0C3F5 /* Build configuration list for PBXNativeTarget "NewsAppUITests" */;
			buildPhases = (
				E1794E812B7B9AA600B0C3F5 /* Sources */,
				E1794E822B7B9AA600B0C3F5 /* Frameworks */,
				E1794E832B7B9AA600B0C3F5 /* Resources */,
			);
			buildRules = (
			);
			dependencies = (
				E1794E872B7B9AA600B0C3F5 /* PBXTargetDependency */,
			);
			name = NewsAppUITests;
			productName = NewsAppUITests;
			productReference = E1794E852B7B9AA600B0C3F5 /* NewsAppUITests.xctest */;
			productType = "com.apple.product-type.bundle.ui-testing";
		};
/* End PBXNativeTarget section */

/* Begin PBXProject section */
		E1794E632B7B9A9E00B0C3F5 /* Project object */ = {
			isa = PBXProject;
			attributes = {
				BuildIndependentTargetsInParallel = 1;
				LastSwiftUpdateCheck = 1500;
				LastUpgradeCheck = 1500;
				TargetAttributes = {
					E1794E6A2B7B9A9E00B0C3F5 = {
						CreatedOnToolsVersion = 15.0;
					};
					E1794E7A2B7B9AA500B0C3F5 = {
						CreatedOnToolsVersion = 15.0;
						TestTargetID = E1794E6A2B7B9A9E00B0C3F5;
					};
					E1794E842B7B9AA600B0C3F5 = {
						CreatedOnToolsVersion = 15.0;
						TestTargetID = E1794E6A2B7B9A9E00B0C3F5;
					};
				};
			};
			buildConfigurationList = E1794E662B7B9A9E00B0C3F5 /* Build configuration list for PBXProject "NewsApp" */;
			compatibilityVersion = "Xcode 14.0";
			developmentRegion = en;
			hasScannedForEncodings = 0;
			knownRegions = (
				en,
				Base,
			);
			mainGroup = E1794E622B7B9A9E00B0C3F5;
			productRefGroup = E1794E6C2B7B9A9E00B0C3F5 /* Products */;
			projectDirPath = "";
			projectRoot = "";
			targets = (
				E1794E6A2B7B9A9E00B0C3F5 /* NewsApp */,
				E1794E7A2B7B9AA500B0C3F5 /* NewsAppTests */,
				E1794E842B7B9AA600B0C3F5 /* NewsAppUITests */,
			);
		};
/* End PBXProject section */

/* Begin PBXResourcesBuildPhase section */
		E1794E692B7B9A9E00B0C3F5 /* Resources */ = {
			isa = PBXResourcesBuildPhase;
			buildActionMask = 2147483647;
			files = (
				E1794E762B7B9AA500B0C3F5 /* Preview Assets.xcassets in Resources */,
				E1794E732B7B9AA500B0C3F5 /* Assets.xcassets in Resources */,
			);
			runOnlyForDeploymentPostprocessing = 0;
		};
		E1794E792B7B9AA500B0C3F5 /* Resources */ = {
			isa = PBXResourcesBuildPhase;
			buildActionMask = 2147483647;
			files = (
			);
			runOnlyForDeploymentPostprocessing = 0;
		};
		E1794E832B7B9AA600B0C3F5 /* Resources */ = {
			isa = PBXResourcesBuildPhase;
			buildActionMask = 2147483647;
			files = (
			);
			runOnlyForDeploymentPostprocessing = 0;
		};
/* End PBXResourcesBuildPhase section */

/* Begin PBXSourcesBuildPhase section */
		E1794E672B7B9A9E00B0C3F5 /* Sources */ = {
			isa = PBXSourcesBuildPhase;
			buildActionMask = 2147483647;
			files = (
				E1794EB62B7BA98F00B0C3F5 /* UIApplicationContainer.swift in Sources */,
				E1794EAC2B7B9E9700B0C3F5 /* JsonDecodingHandling.swift in Sources */,
				E1794EC42B7BAA6100B0C3F5 /* ArticleItemDataModel.swift in Sources */,
				E1794EC62B7BAA7300B0C3F5 /* ArticleDtoMapper.swift in Sources */,
				E1794EB42B7B9F9100B0C3F5 /* DispatchQueue.swift in Sources */,
				E1794EA72B7B9CEB00B0C3F5 /* NetworkRepositoryImpl.swift in Sources */,
				E1794EC22B7BAA4E00B0C3F5 /* ArticlesDataModel.swift in Sources */,
				E1794EAA2B7B9E4400B0C3F5 /* Date+addMinutes.swift in Sources */,
				E1794EA52B7B9C6A00B0C3F5 /* URLSessionProtocol.swift in Sources */,
				E1794EBE2B7BAA1D00B0C3F5 /* NewsApiFactory.swift in Sources */,
				E1794EAE2B7B9F3100B0C3F5 /* HttpStatusCode+isOK.swift in Sources */,
				E1794EA32B7B9C1900B0C3F5 /* NetworkRepository.swift in Sources */,
				E1794EA02B7B9BE100B0C3F5 /* ArticleList.swift in Sources */,
				E1794E6F2B7B9A9E00B0C3F5 /* NewsAppApp.swift in Sources */,
				E1794EB02B7B9F5100B0C3F5 /* String+ToDate.swift in Sources */,
				E1794EBC2B7BAA0800B0C3F5 /* NewsApiFactoryImpl.swift in Sources */,
				E1794EB22B7B9F7700B0C3F5 /* Date+GetFormattedDate.swift in Sources */,
				E1794EC02B7BAA3D00B0C3F5 /* ArticleRepositoryImpl.swift in Sources */,
			);
			runOnlyForDeploymentPostprocessing = 0;
		};
		E1794E772B7B9AA500B0C3F5 /* Sources */ = {
			isa = PBXSourcesBuildPhase;
			buildActionMask = 2147483647;
			files = (
				E1794E802B7B9AA500B0C3F5 /* NewsAppTests.swift in Sources */,
			);
			runOnlyForDeploymentPostprocessing = 0;
		};
		E1794E812B7B9AA600B0C3F5 /* Sources */ = {
			isa = PBXSourcesBuildPhase;
			buildActionMask = 2147483647;
			files = (
				E1794E8A2B7B9AA600B0C3F5 /* NewsAppUITests.swift in Sources */,
				E1794E8C2B7B9AA600B0C3F5 /* NewsAppUITestsLaunchTests.swift in Sources */,
			);
			runOnlyForDeploymentPostprocessing = 0;
		};
/* End PBXSourcesBuildPhase section */

/* Begin PBXTargetDependency section */
		E1794E7D2B7B9AA500B0C3F5 /* PBXTargetDependency */ = {
			isa = PBXTargetDependency;
			target = E1794E6A2B7B9A9E00B0C3F5 /* NewsApp */;
			targetProxy = E1794E7C2B7B9AA500B0C3F5 /* PBXContainerItemProxy */;
		};
		E1794E872B7B9AA600B0C3F5 /* PBXTargetDependency */ = {
			isa = PBXTargetDependency;
			target = E1794E6A2B7B9A9E00B0C3F5 /* NewsApp */;
			targetProxy = E1794E862B7B9AA600B0C3F5 /* PBXContainerItemProxy */;
		};
/* End PBXTargetDependency section */

/* Begin XCBuildConfiguration section */
		E1794E8D2B7B9AA600B0C3F5 /* Debug */ = {
			isa = XCBuildConfiguration;
			buildSettings = {
				ALWAYS_SEARCH_USER_PATHS = NO;
				ASSETCATALOG_COMPILER_GENERATE_SWIFT_ASSET_SYMBOL_EXTENSIONS = YES;
				CLANG_ANALYZER_NONNULL = YES;
				CLANG_ANALYZER_NUMBER_OBJECT_CONVERSION = YES_AGGRESSIVE;
				CLANG_CXX_LANGUAGE_STANDARD = "gnu++20";
				CLANG_ENABLE_MODULES = YES;
				CLANG_ENABLE_OBJC_ARC = YES;
				CLANG_ENABLE_OBJC_WEAK = YES;
				CLANG_WARN_BLOCK_CAPTURE_AUTORELEASING = YES;
				CLANG_WARN_BOOL_CONVERSION = YES;
				CLANG_WARN_COMMA = YES;
				CLANG_WARN_CONSTANT_CONVERSION = YES;
				CLANG_WARN_DEPRECATED_OBJC_IMPLEMENTATIONS = YES;
				CLANG_WARN_DIRECT_OBJC_ISA_USAGE = YES_ERROR;
				CLANG_WARN_DOCUMENTATION_COMMENTS = YES;
				CLANG_WARN_EMPTY_BODY = YES;
				CLANG_WARN_ENUM_CONVERSION = YES;
				CLANG_WARN_INFINITE_RECURSION = YES;
				CLANG_WARN_INT_CONVERSION = YES;
				CLANG_WARN_NON_LITERAL_NULL_CONVERSION = YES;
				CLANG_WARN_OBJC_IMPLICIT_RETAIN_SELF = YES;
				CLANG_WARN_OBJC_LITERAL_CONVERSION = YES;
				CLANG_WARN_OBJC_ROOT_CLASS = YES_ERROR;
				CLANG_WARN_QUOTED_INCLUDE_IN_FRAMEWORK_HEADER = YES;
				CLANG_WARN_RANGE_LOOP_ANALYSIS = YES;
				CLANG_WARN_STRICT_PROTOTYPES = YES;
				CLANG_WARN_SUSPICIOUS_MOVE = YES;
				CLANG_WARN_UNGUARDED_AVAILABILITY = YES_AGGRESSIVE;
				CLANG_WARN_UNREACHABLE_CODE = YES;
				CLANG_WARN__DUPLICATE_METHOD_MATCH = YES;
				COPY_PHASE_STRIP = NO;
				DEBUG_INFORMATION_FORMAT = dwarf;
				ENABLE_STRICT_OBJC_MSGSEND = YES;
				ENABLE_TESTABILITY = YES;
				ENABLE_USER_SCRIPT_SANDBOXING = YES;
				GCC_C_LANGUAGE_STANDARD = gnu17;
				GCC_DYNAMIC_NO_PIC = NO;
				GCC_NO_COMMON_BLOCKS = YES;
				GCC_OPTIMIZATION_LEVEL = 0;
				GCC_PREPROCESSOR_DEFINITIONS = (
					"DEBUG=1",
					"$(inherited)",
				);
				GCC_WARN_64_TO_32_BIT_CONVERSION = YES;
				GCC_WARN_ABOUT_RETURN_TYPE = YES_ERROR;
				GCC_WARN_UNDECLARED_SELECTOR = YES;
				GCC_WARN_UNINITIALIZED_AUTOS = YES_AGGRESSIVE;
				GCC_WARN_UNUSED_FUNCTION = YES;
				GCC_WARN_UNUSED_VARIABLE = YES;
				IPHONEOS_DEPLOYMENT_TARGET = 17.0;
				LOCALIZATION_PREFERS_STRING_CATALOGS = YES;
				MTL_ENABLE_DEBUG_INFO = INCLUDE_SOURCE;
				MTL_FAST_MATH = YES;
				ONLY_ACTIVE_ARCH = YES;
				SDKROOT = iphoneos;
				SWIFT_ACTIVE_COMPILATION_CONDITIONS = "DEBUG $(inherited)";
				SWIFT_OPTIMIZATION_LEVEL = "-Onone";
			};
			name = Debug;
		};
		E1794E8E2B7B9AA600B0C3F5 /* Release */ = {
			isa = XCBuildConfiguration;
			buildSettings = {
				ALWAYS_SEARCH_USER_PATHS = NO;
				ASSETCATALOG_COMPILER_GENERATE_SWIFT_ASSET_SYMBOL_EXTENSIONS = YES;
				CLANG_ANALYZER_NONNULL = YES;
				CLANG_ANALYZER_NUMBER_OBJECT_CONVERSION = YES_AGGRESSIVE;
				CLANG_CXX_LANGUAGE_STANDARD = "gnu++20";
				CLANG_ENABLE_MODULES = YES;
				CLANG_ENABLE_OBJC_ARC = YES;
				CLANG_ENABLE_OBJC_WEAK = YES;
				CLANG_WARN_BLOCK_CAPTURE_AUTORELEASING = YES;
				CLANG_WARN_BOOL_CONVERSION = YES;
				CLANG_WARN_COMMA = YES;
				CLANG_WARN_CONSTANT_CONVERSION = YES;
				CLANG_WARN_DEPRECATED_OBJC_IMPLEMENTATIONS = YES;
				CLANG_WARN_DIRECT_OBJC_ISA_USAGE = YES_ERROR;
				CLANG_WARN_DOCUMENTATION_COMMENTS = YES;
				CLANG_WARN_EMPTY_BODY = YES;
				CLANG_WARN_ENUM_CONVERSION = YES;
				CLANG_WARN_INFINITE_RECURSION = YES;
				CLANG_WARN_INT_CONVERSION = YES;
				CLANG_WARN_NON_LITERAL_NULL_CONVERSION = YES;
				CLANG_WARN_OBJC_IMPLICIT_RETAIN_SELF = YES;
				CLANG_WARN_OBJC_LITERAL_CONVERSION = YES;
				CLANG_WARN_OBJC_ROOT_CLASS = YES_ERROR;
				CLANG_WARN_QUOTED_INCLUDE_IN_FRAMEWORK_HEADER = YES;
				CLANG_WARN_RANGE_LOOP_ANALYSIS = YES;
				CLANG_WARN_STRICT_PROTOTYPES = YES;
				CLANG_WARN_SUSPICIOUS_MOVE = YES;
				CLANG_WARN_UNGUARDED_AVAILABILITY = YES_AGGRESSIVE;
				CLANG_WARN_UNREACHABLE_CODE = YES;
				CLANG_WARN__DUPLICATE_METHOD_MATCH = YES;
				COPY_PHASE_STRIP = NO;
				DEBUG_INFORMATION_FORMAT = "dwarf-with-dsym";
				ENABLE_NS_ASSERTIONS = NO;
				ENABLE_STRICT_OBJC_MSGSEND = YES;
				ENABLE_USER_SCRIPT_SANDBOXING = YES;
				GCC_C_LANGUAGE_STANDARD = gnu17;
				GCC_NO_COMMON_BLOCKS = YES;
				GCC_WARN_64_TO_32_BIT_CONVERSION = YES;
				GCC_WARN_ABOUT_RETURN_TYPE = YES_ERROR;
				GCC_WARN_UNDECLARED_SELECTOR = YES;
				GCC_WARN_UNINITIALIZED_AUTOS = YES_AGGRESSIVE;
				GCC_WARN_UNUSED_FUNCTION = YES;
				GCC_WARN_UNUSED_VARIABLE = YES;
				IPHONEOS_DEPLOYMENT_TARGET = 17.0;
				LOCALIZATION_PREFERS_STRING_CATALOGS = YES;
				MTL_ENABLE_DEBUG_INFO = NO;
				MTL_FAST_MATH = YES;
				SDKROOT = iphoneos;
				SWIFT_COMPILATION_MODE = wholemodule;
				VALIDATE_PRODUCT = YES;
			};
			name = Release;
		};
		E1794E902B7B9AA600B0C3F5 /* Debug */ = {
			isa = XCBuildConfiguration;
			buildSettings = {
				ASSETCATALOG_COMPILER_APPICON_NAME = AppIcon;
				ASSETCATALOG_COMPILER_GLOBAL_ACCENT_COLOR_NAME = AccentColor;
				CODE_SIGN_STYLE = Automatic;
				CURRENT_PROJECT_VERSION = 1;
				DEVELOPMENT_ASSET_PATHS = "\"NewsApp/Preview Content\"";
				ENABLE_PREVIEWS = YES;
				GENERATE_INFOPLIST_FILE = YES;
				INFOPLIST_KEY_UIApplicationSceneManifest_Generation = YES;
				INFOPLIST_KEY_UIApplicationSupportsIndirectInputEvents = YES;
				INFOPLIST_KEY_UILaunchScreen_Generation = YES;
				INFOPLIST_KEY_UISupportedInterfaceOrientations_iPad = "UIInterfaceOrientationPortrait UIInterfaceOrientationPortraitUpsideDown UIInterfaceOrientationLandscapeLeft UIInterfaceOrientationLandscapeRight";
				INFOPLIST_KEY_UISupportedInterfaceOrientations_iPhone = "UIInterfaceOrientationPortrait UIInterfaceOrientationLandscapeLeft UIInterfaceOrientationLandscapeRight";
				LD_RUNPATH_SEARCH_PATHS = (
					"$(inherited)",
					"@executable_path/Frameworks",
				);
				MARKETING_VERSION = 1.0;
				PRODUCT_BUNDLE_IDENTIFIER = info.abc.com.NewsApp;
				PRODUCT_NAME = "$(TARGET_NAME)";
				SWIFT_EMIT_LOC_STRINGS = YES;
				SWIFT_VERSION = 5.0;
				TARGETED_DEVICE_FAMILY = "1,2";
			};
			name = Debug;
		};
		E1794E912B7B9AA600B0C3F5 /* Release */ = {
			isa = XCBuildConfiguration;
			buildSettings = {
				ASSETCATALOG_COMPILER_APPICON_NAME = AppIcon;
				ASSETCATALOG_COMPILER_GLOBAL_ACCENT_COLOR_NAME = AccentColor;
				CODE_SIGN_STYLE = Automatic;
				CURRENT_PROJECT_VERSION = 1;
				DEVELOPMENT_ASSET_PATHS = "\"NewsApp/Preview Content\"";
				ENABLE_PREVIEWS = YES;
				GENERATE_INFOPLIST_FILE = YES;
				INFOPLIST_KEY_UIApplicationSceneManifest_Generation = YES;
				INFOPLIST_KEY_UIApplicationSupportsIndirectInputEvents = YES;
				INFOPLIST_KEY_UILaunchScreen_Generation = YES;
				INFOPLIST_KEY_UISupportedInterfaceOrientations_iPad = "UIInterfaceOrientationPortrait UIInterfaceOrientationPortraitUpsideDown UIInterfaceOrientationLandscapeLeft UIInterfaceOrientationLandscapeRight";
				INFOPLIST_KEY_UISupportedInterfaceOrientations_iPhone = "UIInterfaceOrientationPortrait UIInterfaceOrientationLandscapeLeft UIInterfaceOrientationLandscapeRight";
				LD_RUNPATH_SEARCH_PATHS = (
					"$(inherited)",
					"@executable_path/Frameworks",
				);
				MARKETING_VERSION = 1.0;
				PRODUCT_BUNDLE_IDENTIFIER = info.abc.com.NewsApp;
				PRODUCT_NAME = "$(TARGET_NAME)";
				SWIFT_EMIT_LOC_STRINGS = YES;
				SWIFT_VERSION = 5.0;
				TARGETED_DEVICE_FAMILY = "1,2";
			};
			name = Release;
		};
		E1794E932B7B9AA600B0C3F5 /* Debug */ = {
			isa = XCBuildConfiguration;
			buildSettings = {
				ALWAYS_EMBED_SWIFT_STANDARD_LIBRARIES = YES;
				BUNDLE_LOADER = "$(TEST_HOST)";
				CODE_SIGN_STYLE = Automatic;
				CURRENT_PROJECT_VERSION = 1;
				GENERATE_INFOPLIST_FILE = YES;
				IPHONEOS_DEPLOYMENT_TARGET = 17.0;
				MARKETING_VERSION = 1.0;
				PRODUCT_BUNDLE_IDENTIFIER = info.abc.com.NewsAppTests;
				PRODUCT_NAME = "$(TARGET_NAME)";
				SWIFT_EMIT_LOC_STRINGS = NO;
				SWIFT_VERSION = 5.0;
				TARGETED_DEVICE_FAMILY = "1,2";
				TEST_HOST = "$(BUILT_PRODUCTS_DIR)/NewsApp.app/$(BUNDLE_EXECUTABLE_FOLDER_PATH)/NewsApp";
			};
			name = Debug;
		};
		E1794E942B7B9AA600B0C3F5 /* Release */ = {
			isa = XCBuildConfiguration;
			buildSettings = {
				ALWAYS_EMBED_SWIFT_STANDARD_LIBRARIES = YES;
				BUNDLE_LOADER = "$(TEST_HOST)";
				CODE_SIGN_STYLE = Automatic;
				CURRENT_PROJECT_VERSION = 1;
				GENERATE_INFOPLIST_FILE = YES;
				IPHONEOS_DEPLOYMENT_TARGET = 17.0;
				MARKETING_VERSION = 1.0;
				PRODUCT_BUNDLE_IDENTIFIER = info.abc.com.NewsAppTests;
				PRODUCT_NAME = "$(TARGET_NAME)";
				SWIFT_EMIT_LOC_STRINGS = NO;
				SWIFT_VERSION = 5.0;
				TARGETED_DEVICE_FAMILY = "1,2";
				TEST_HOST = "$(BUILT_PRODUCTS_DIR)/NewsApp.app/$(BUNDLE_EXECUTABLE_FOLDER_PATH)/NewsApp";
			};
			name = Release;
		};
		E1794E962B7B9AA600B0C3F5 /* Debug */ = {
			isa = XCBuildConfiguration;
			buildSettings = {
				ALWAYS_EMBED_SWIFT_STANDARD_LIBRARIES = YES;
				CODE_SIGN_STYLE = Automatic;
				CURRENT_PROJECT_VERSION = 1;
				GENERATE_INFOPLIST_FILE = YES;
				MARKETING_VERSION = 1.0;
				PRODUCT_BUNDLE_IDENTIFIER = info.abc.com.NewsAppUITests;
				PRODUCT_NAME = "$(TARGET_NAME)";
				SWIFT_EMIT_LOC_STRINGS = NO;
				SWIFT_VERSION = 5.0;
				TARGETED_DEVICE_FAMILY = "1,2";
				TEST_TARGET_NAME = NewsApp;
			};
			name = Debug;
		};
		E1794E972B7B9AA600B0C3F5 /* Release */ = {
			isa = XCBuildConfiguration;
			buildSettings = {
				ALWAYS_EMBED_SWIFT_STANDARD_LIBRARIES = YES;
				CODE_SIGN_STYLE = Automatic;
				CURRENT_PROJECT_VERSION = 1;
				GENERATE_INFOPLIST_FILE = YES;
				MARKETING_VERSION = 1.0;
				PRODUCT_BUNDLE_IDENTIFIER = info.abc.com.NewsAppUITests;
				PRODUCT_NAME = "$(TARGET_NAME)";
				SWIFT_EMIT_LOC_STRINGS = NO;
				SWIFT_VERSION = 5.0;
				TARGETED_DEVICE_FAMILY = "1,2";
				TEST_TARGET_NAME = NewsApp;
			};
			name = Release;
		};
/* End XCBuildConfiguration section */

/* Begin XCConfigurationList section */
		E1794E662B7B9A9E00B0C3F5 /* Build configuration list for PBXProject "NewsApp" */ = {
			isa = XCConfigurationList;
			buildConfigurations = (
				E1794E8D2B7B9AA600B0C3F5 /* Debug */,
				E1794E8E2B7B9AA600B0C3F5 /* Release */,
			);
			defaultConfigurationIsVisible = 0;
			defaultConfigurationName = Release;
		};
		E1794E8F2B7B9AA600B0C3F5 /* Build configuration list for PBXNativeTarget "NewsApp" */ = {
			isa = XCConfigurationList;
			buildConfigurations = (
				E1794E902B7B9AA600B0C3F5 /* Debug */,
				E1794E912B7B9AA600B0C3F5 /* Release */,
			);
			defaultConfigurationIsVisible = 0;
			defaultConfigurationName = Release;
		};
		E1794E922B7B9AA600B0C3F5 /* Build configuration list for PBXNativeTarget "NewsAppTests" */ = {
			isa = XCConfigurationList;
			buildConfigurations = (
				E1794E932B7B9AA600B0C3F5 /* Debug */,
				E1794E942B7B9AA600B0C3F5 /* Release */,
			);
			defaultConfigurationIsVisible = 0;
			defaultConfigurationName = Release;
		};
		E1794E952B7B9AA600B0C3F5 /* Build configuration list for PBXNativeTarget "NewsAppUITests" */ = {
			isa = XCConfigurationList;
			buildConfigurations = (
				E1794E962B7B9AA600B0C3F5 /* Debug */,
				E1794E972B7B9AA600B0C3F5 /* Release */,
			);
			defaultConfigurationIsVisible = 0;
			defaultConfigurationName = Release;
		};
/* End XCConfigurationList section */
	};
	rootObject = E1794E632B7B9A9E00B0C3F5 /* Project object */;
}
